
Microsoft Visual Studio Solution File, Format Version 12.00
# Visual Studio Version 16
VisualStudioVersion = 16.0.31205.134
MinimumVisualStudioVersion = 10.0.40219.1
Project("{FAE04EC0-301F-11D3-BF4B-00C04F79EFBC}") = "Kupo", "Kupo\Kupo.csproj", "{6800A7DB-980E-4DD5-8834-13A2849C342D}"
EndProject
Global
	GlobalSection(SolutionConfigurationPlatforms) = preSolution
		Debug|Any CPU = Debug|Any CPU
		Release|Any CPU = Release|Any CPU
	EndGlobalSection
	GlobalSection(ProjectConfigurationPlatforms) = postSolution
		{6800A7DB-980E-4DD5-8834-13A2849C342D}.Debug|Any CPU.ActiveCfg = Debug|Any CPU
		{6800A7DB-980E-4DD5-8834-13A2849C342D}.Debug|Any CPU.Build.0 = Debug|Any CPU
		{6800A7DB-980E-4DD5-8834-13A2849C342D}.Release|Any CPU.ActiveCfg = Release|Any CPU
		{6800A7DB-980E-4DD5-8834-13A2849C342D}.Release|Any CPU.Build.0 = Release|Any CPU
	EndGlobalSection
	GlobalSection(SolutionProperties) = preSolution
		HideSolutionNode = FALSE
	EndGlobalSection
	GlobalSection(ExtensibilityGlobals) = postSolution
		SolutionGuid = {A191A483-3430-4115-9C1A-1703B3C20D8A}
	EndGlobalSection
EndGlobal
